PODS:
  - FlutterMacOS (1.0.0)
  - native_ffi (0.0.1):
    - FlutterMacOS

DEPENDENCIES:
  - FlutterMacOS (from `Flutter/ephemeral`)
  - native_ffi (from `Flutter/ephemeral/.symlinks/plugins/native_ffi/macos`)

EXTERNAL SOURCES:
  FlutterMacOS:
    :path: Flutter/ephemeral
  native_ffi:
    :path: Flutter/ephemeral/.symlinks/plugins/native_ffi/macos

SPEC CHECKSUMS:
  FlutterMacOS: 8f6f14fa908a6fb3fba0cd85dbd81ec4b251fb24
  native_ffi: 7f1fa1e00010dc6d6b4bea82c136bed38c97c9ae

PODFILE CHECKSUM: 236401fc2c932af29a9fcf0e97baeeb2d750d367

COCOAPODS: 1.14.3
