PODS:
  - Flutter (1.0.0)
  - native_ffi (0.0.1):
    - Flutter

DEPENDENCIES:
  - Flutter (from `Flutter`)
  - native_ffi (from `.symlinks/plugins/native_ffi/ios`)

EXTERNAL SOURCES:
  Flutter:
    :path: Flutter
  native_ffi:
    :path: ".symlinks/plugins/native_ffi/ios"

SPEC CHECKSUMS:
  Flutter: f04841e97a9d0b0a8025694d0796dd46242b2854
  native_ffi: 41806a935e710f05959e348eedb9de032ce14553

PODFILE CHECKSUM: 70d9d25280d0dd177a5f637cdb0f0b0b12c6a189

COCOAPODS: 1.14.3
